Microsoft Visual Studio Solution File, Format Version 11.00
# Visual Studio 2010
Project("{FAE04EC0-301F-11D3-BF4B-00C04F79EFBC}") = "AgDataGrid_FocusedColumnHeaderStyle", "AgDataGrid_FocusedColumnHeaderStyle\AgDataGrid_FocusedColumnHeaderStyle.csproj", "{2A8119B7-A26C-4A89-8F59-E7A67A8A53A7}"
EndProject
Global
	GlobalSection(SolutionConfigurationPlatforms) = preSolution
		Debug|Any CPU = Debug|Any CPU
		Release|Any CPU = Release|Any CPU
	EndGlobalSection
	GlobalSection(ProjectConfigurationPlatforms) = postSolution
		{2A8119B7-A26C-4A89-8F59-E7A67A8A53A7}.Debug|Any CPU.ActiveCfg = Debug|Any CPU
		{2A8119B7-A26C-4A89-8F59-E7A67A8A53A7}.Debug|Any CPU.Build.0 = Debug|Any CPU
		{2A8119B7-A26C-4A89-8F59-E7A67A8A53A7}.Release|Any CPU.ActiveCfg = Release|Any CPU
		{2A8119B7-A26C-4A89-8F59-E7A67A8A53A7}.Release|Any CPU.Build.0 = Release|Any CPU
	EndGlobalSection
	GlobalSection(SolutionProperties) = preSolution
		HideSolutionNode = FALSE
	EndGlobalSection
EndGlobal
